
Microsoft Visual Studio Solution File, Format Version 12.00
# Visual Studio 15
VisualStudioVersion = 15.0.26730.16
MinimumVisualStudioVersion = 10.0.40219.1
Project("{888888A0-9F3D-457C-B088-3A5042F75D52}") = "printandlog", "printandlog\printandlog.pyproj", "{BD895D26-04CA-49D0-B9CC-1148A7793670}"
EndProject
Global
	GlobalSection(SolutionConfigurationPlatforms) = preSolution
		Debug|Any CPU = Debug|Any CPU
		Release|Any CPU = Release|Any CPU
	EndGlobalSection
	GlobalSection(ProjectConfigurationPlatforms) = postSolution
		{BD895D26-04CA-49D0-B9CC-1148A7793670}.Debug|Any CPU.ActiveCfg = Debug|Any CPU
		{BD895D26-04CA-49D0-B9CC-1148A7793670}.Release|Any CPU.ActiveCfg = Release|Any CPU
	EndGlobalSection
	GlobalSection(SolutionProperties) = preSolution
		HideSolutionNode = FALSE
	EndGlobalSection
	GlobalSection(ExtensibilityGlobals) = postSolution
		SolutionGuid = {CFCF0D50-1453-4067-A761-5F4E7CD4A51F}
	EndGlobalSection
EndGlobal
